
Microsoft Visual Studio Solution File, Format Version 9.00
# Visual Studio 2005
Project("{FAE04EC0-301F-11D3-BF4B-00C04F79EFBC}") = "perdida", "perdida.csproj", "{EEAC65CC-9224-486F-B849-0CFD2D858F44}"
EndProject
Global
	GlobalSection(SolutionConfigurationPlatforms) = preSolution
		Debug|Any CPU = Debug|Any CPU
		Release|Any CPU = Release|Any CPU
	EndGlobalSection
	GlobalSection(ProjectConfigurationPlatforms) = postSolution
		{EEAC65CC-9224-486F-B849-0CFD2D858F44}.Debug|Any CPU.ActiveCfg = Debug|Any CPU
		{EEAC65CC-9224-486F-B849-0CFD2D858F44}.Debug|Any CPU.Build.0 = Debug|Any CPU
		{EEAC65CC-9224-486F-B849-0CFD2D858F44}.Release|Any CPU.ActiveCfg = Release|Any CPU
		{EEAC65CC-9224-486F-B849-0CFD2D858F44}.Release|Any CPU.Build.0 = Release|Any CPU
	EndGlobalSection
	GlobalSection(SolutionProperties) = preSolution
		HideSolutionNode = FALSE
	EndGlobalSection
EndGlobal
